
Microsoft Visual Studio Solution File, Format Version 12.00
# Visual Studio Version 16
VisualStudioVersion = 16.0.30711.63
MinimumVisualStudioVersion = 10.0.40219.1
Project("{FAE04EC0-301F-11D3-BF4B-00C04F79EFBC}") = "MyListAsyncMethods", "MyListAsyncMethods.csproj", "{27362976-2960-4584-A4DE-3AA84F364091}"
EndProject
Global
	GlobalSection(SolutionConfigurationPlatforms) = preSolution
		Debug|Any CPU = Debug|Any CPU
		Release|Any CPU = Release|Any CPU
	EndGlobalSection
	GlobalSection(ProjectConfigurationPlatforms) = postSolution
		{27362976-2960-4584-A4DE-3AA84F364091}.Debug|Any CPU.ActiveCfg = Debug|Any CPU
		{27362976-2960-4584-A4DE-3AA84F364091}.Debug|Any CPU.Build.0 = Debug|Any CPU
		{27362976-2960-4584-A4DE-3AA84F364091}.Release|Any CPU.ActiveCfg = Release|Any CPU
		{27362976-2960-4584-A4DE-3AA84F364091}.Release|Any CPU.Build.0 = Release|Any CPU
	EndGlobalSection
	GlobalSection(SolutionProperties) = preSolution
		HideSolutionNode = FALSE
	EndGlobalSection
	GlobalSection(ExtensibilityGlobals) = postSolution
		SolutionGuid = {A0300C06-9F98-4C34-A973-EC3E4BA097AE}
	EndGlobalSection
EndGlobal
